// !$*UTF8*$!
{
	archiveVersion = 1;
	classes = {
	};
	objectVersion = 50;
	objects = {

/* Begin PBXBuildFile section */
		0904F202211DD79A00A7B8B0 /* AppDelegate.swift in Sources */ = {isa = PBXBuildFile; fileRef = 0904F201211DD79A00A7B8B0 /* AppDelegate.swift */; };
		0904F209211DD79B00A7B8B0 /* Assets.xcassets in Resources */ = {isa = PBXBuildFile; fileRef = 0904F208211DD79B00A7B8B0 /* Assets.xcassets */; };
		0904F20C211DD79B00A7B8B0 /* LaunchScreen.storyboard in Resources */ = {isa = PBXBuildFile; fileRef = 0904F20A211DD79B00A7B8B0 /* LaunchScreen.storyboard */; };
		0904F219211DF05A00A7B8B0 /* ApplicationModel.swift in Sources */ = {isa = PBXBuildFile; fileRef = 0904F218211DF05A00A7B8B0 /* ApplicationModel.swift */; };
		0904F21D211DF0EB00A7B8B0 /* DataMapper.swift in Sources */ = {isa = PBXBuildFile; fileRef = 0904F21C211DF0EB00A7B8B0 /* DataMapper.swift */; };
		0904F21F211DF1E900A7B8B0 /* RemoteDataFether.swift in Sources */ = {isa = PBXBuildFile; fileRef = 0904F21E211DF1E900A7B8B0 /* RemoteDataFether.swift */; };
		0904F221211DF20700A7B8B0 /* Employee.swift in Sources */ = {isa = PBXBuildFile; fileRef = 0904F220211DF20700A7B8B0 /* Employee.swift */; };
		0904F247211E3A2100A7B8B0 /* PersistentCacheStorage.swift in Sources */ = {isa = PBXBuildFile; fileRef = 0904F246211E3A2100A7B8B0 /* PersistentCacheStorage.swift */; };
		0904F249211ECD7600A7B8B0 /* Extentions.swift in Sources */ = {isa = PBXBuildFile; fileRef = 0904F248211ECD7600A7B8B0 /* Extentions.swift */; };
		0904F24B211ECE7D00A7B8B0 /* Errors.swift in Sources */ = {isa = PBXBuildFile; fileRef = 0904F24A211ECE7D00A7B8B0 /* Errors.swift */; };
		0904F24D211F184900A7B8B0 /* EmployeesTableViewController.swift in Sources */ = {isa = PBXBuildFile; fileRef = 0904F24C211F184900A7B8B0 /* EmployeesTableViewController.swift */; };
		093F7F9A211F86FC0047F267 /* EmployeeTableViewCell.swift in Sources */ = {isa = PBXBuildFile; fileRef = 093F7F99211F86FC0047F267 /* EmployeeTableViewCell.swift */; };
		09409167212060CD007865A8 /* ContactCardViewController.swift in Sources */ = {isa = PBXBuildFile; fileRef = 09409166212060CD007865A8 /* ContactCardViewController.swift */; };
		095CCBF421220ECC00006A94 /* PlaceholderView.swift in Sources */ = {isa = PBXBuildFile; fileRef = 095CCBF321220ECC00006A94 /* PlaceholderView.swift */; };
		09C5ECE82120736900BB4FF5 /* EmployeesTableHeaderView.swift in Sources */ = {isa = PBXBuildFile; fileRef = 09C5ECE72120736900BB4FF5 /* EmployeesTableHeaderView.swift */; };
/* End PBXBuildFile section */

/* Begin PBXFileReference section */
		0904F1FE211DD79A00A7B8B0 /* ListOfEmployees.app */ = {isa = PBXFileReference; explicitFileType = wrapper.application; includeInIndex = 0; path = ListOfEmployees.app; sourceTree = BUILT_PRODUCTS_DIR; };
		0904F201211DD79A00A7B8B0 /* AppDelegate.swift */ = {isa = PBXFileReference; lastKnownFileType = sourcecode.swift; path = AppDelegate.swift; sourceTree = "<group>"; };
		0904F208211DD79B00A7B8B0 /* Assets.xcassets */ = {isa = PBXFileReference; lastKnownFileType = folder.assetcatalog; path = Assets.xcassets; sourceTree = "<group>"; };
		0904F20B211DD79B00A7B8B0 /* Base */ = {isa = PBXFileReference; lastKnownFileType = file.storyboard; name = Base; path = Base.lproj/LaunchScreen.storyboard; sourceTree = "<group>"; };
		0904F20D211DD79B00A7B8B0 /* Info.plist */ = {isa = PBXFileReference; lastKnownFileType = text.plist.xml; name = Info.plist; path = "ListOfEmployees/Supporting Files/Info.plist"; sourceTree = SOURCE_ROOT; };
		0904F218211DF05A00A7B8B0 /* ApplicationModel.swift */ = {isa = PBXFileReference; lastKnownFileType = sourcecode.swift; path = ApplicationModel.swift; sourceTree = "<group>"; };
		0904F21C211DF0EB00A7B8B0 /* DataMapper.swift */ = {isa = PBXFileReference; lastKnownFileType = sourcecode.swift; path = DataMapper.swift; sourceTree = "<group>"; };
		0904F21E211DF1E900A7B8B0 /* RemoteDataFether.swift */ = {isa = PBXFileReference; lastKnownFileType = sourcecode.swift; path = RemoteDataFether.swift; sourceTree = "<group>"; };
		0904F220211DF20700A7B8B0 /* Employee.swift */ = {isa = PBXFileReference; lastKnownFileType = sourcecode.swift; path = Employee.swift; sourceTree = "<group>"; };
		0904F246211E3A2100A7B8B0 /* PersistentCacheStorage.swift */ = {isa = PBXFileReference; lastKnownFileType = sourcecode.swift; path = PersistentCacheStorage.swift; sourceTree = "<group>"; };
		0904F248211ECD7600A7B8B0 /* Extentions.swift */ = {isa = PBXFileReference; lastKnownFileType = sourcecode.swift; path = Extentions.swift; sourceTree = "<group>"; };
		0904F24A211ECE7D00A7B8B0 /* Errors.swift */ = {isa = PBXFileReference; lastKnownFileType = sourcecode.swift; path = Errors.swift; sourceTree = "<group>"; };
		0904F24C211F184900A7B8B0 /* EmployeesTableViewController.swift */ = {isa = PBXFileReference; lastKnownFileType = sourcecode.swift; path = EmployeesTableViewController.swift; sourceTree = "<group>"; };
		093F7F99211F86FC0047F267 /* EmployeeTableViewCell.swift */ = {isa = PBXFileReference; lastKnownFileType = sourcecode.swift; path = EmployeeTableViewCell.swift; sourceTree = "<group>"; };
		09409166212060CD007865A8 /* ContactCardViewController.swift */ = {isa = PBXFileReference; lastKnownFileType = sourcecode.swift; path = ContactCardViewController.swift; sourceTree = "<group>"; };
		095CCBF321220ECC00006A94 /* PlaceholderView.swift */ = {isa = PBXFileReference; lastKnownFileType = sourcecode.swift; path = PlaceholderView.swift; sourceTree = "<group>"; };
		09C5ECE72120736900BB4FF5 /* EmployeesTableHeaderView.swift */ = {isa = PBXFileReference; lastKnownFileType = sourcecode.swift; path = EmployeesTableHeaderView.swift; sourceTree = "<group>"; };
/* End PBXFileReference section */

/* Begin PBXFrameworksBuildPhase section */
		0904F1FB211DD79A00A7B8B0 /* Frameworks */ = {
			isa = PBXFrameworksBuildPhase;
			buildActionMask = 2147483647;
			files = (
			);
			runOnlyForDeploymentPostprocessing = 0;
		};
/* End PBXFrameworksBuildPhase section */

/* Begin PBXGroup section */
		0904F1F5211DD79A00A7B8B0 = {
			isa = PBXGroup;
			children = (
				0904F200211DD79A00A7B8B0 /* ListOfEmployees */,
				0904F1FF211DD79A00A7B8B0 /* Products */,
			);
			sourceTree = "<group>";
		};
		0904F1FF211DD79A00A7B8B0 /* Products */ = {
			isa = PBXGroup;
			children = (
				0904F1FE211DD79A00A7B8B0 /* ListOfEmployees.app */,
			);
			name = Products;
			sourceTree = "<group>";
		};
		0904F200211DD79A00A7B8B0 /* ListOfEmployees */ = {
			isa = PBXGroup;
			children = (
				0904F214211DEF0000A7B8B0 /* Model */,
				0904F216211DEFED00A7B8B0 /* Views */,
				0904F217211DEFF900A7B8B0 /* Controllers */,
				0904F213211DEE6400A7B8B0 /* Supporting Files */,
			);
			path = ListOfEmployees;
			sourceTree = "<group>";
		};
		0904F213211DEE6400A7B8B0 /* Supporting Files */ = {
			isa = PBXGroup;
			children = (
				0904F208211DD79B00A7B8B0 /* Assets.xcassets */,
				0904F20A211DD79B00A7B8B0 /* LaunchScreen.storyboard */,
				0904F20D211DD79B00A7B8B0 /* Info.plist */,
			);
			path = "Supporting Files";
			sourceTree = "<group>";
		};
		0904F214211DEF0000A7B8B0 /* Model */ = {
			isa = PBXGroup;
			children = (
				0904F201211DD79A00A7B8B0 /* AppDelegate.swift */,
				0904F218211DF05A00A7B8B0 /* ApplicationModel.swift */,
				0904F21C211DF0EB00A7B8B0 /* DataMapper.swift */,
				0904F21E211DF1E900A7B8B0 /* RemoteDataFether.swift */,
				0904F220211DF20700A7B8B0 /* Employee.swift */,
				0904F246211E3A2100A7B8B0 /* PersistentCacheStorage.swift */,
				0904F248211ECD7600A7B8B0 /* Extentions.swift */,
				0904F24A211ECE7D00A7B8B0 /* Errors.swift */,
			);
			path = Model;
			sourceTree = "<group>";
		};
		0904F216211DEFED00A7B8B0 /* Views */ = {
			isa = PBXGroup;
			children = (
				093F7F99211F86FC0047F267 /* EmployeeTableViewCell.swift */,
				09C5ECE72120736900BB4FF5 /* EmployeesTableHeaderView.swift */,
				095CCBF321220ECC00006A94 /* PlaceholderView.swift */,
			);
			path = Views;
			sourceTree = "<group>";
		};
		0904F217211DEFF900A7B8B0 /* Controllers */ = {
			isa = PBXGroup;
			children = (
				0904F24C211F184900A7B8B0 /* EmployeesTableViewController.swift */,
				09409166212060CD007865A8 /* ContactCardViewController.swift */,
			);
			path = Controllers;
			sourceTree = "<group>";
		};
/* End PBXGroup section */

/* Begin PBXNativeTarget section */
		0904F1FD211DD79A00A7B8B0 /* ListOfEmployees */ = {
			isa = PBXNativeTarget;
			buildConfigurationList = 0904F210211DD79B00A7B8B0 /* Build configuration list for PBXNativeTarget "ListOfEmployees" */;
			buildPhases = (
				0904F1FA211DD79A00A7B8B0 /* Sources */,
				0904F1FB211DD79A00A7B8B0 /* Frameworks */,
				0904F1FC211DD79A00A7B8B0 /* Resources */,
			);
			buildRules = (
			);
			dependencies = (
			);
			name = ListOfEmployees;
			productName = ListOfEmployees;
			productReference = 0904F1FE211DD79A00A7B8B0 /* ListOfEmployees.app */;
			productType = "com.apple.product-type.application";
		};
/* End PBXNativeTarget section */

/* Begin PBXProject section */
		0904F1F6211DD79A00A7B8B0 /* Project object */ = {
			isa = PBXProject;
			attributes = {
				LastSwiftUpdateCheck = 0940;
				LastUpgradeCheck = 0940;
				ORGANIZATIONNAME = "Andrius Shiaulis";
				TargetAttributes = {
					0904F1FD211DD79A00A7B8B0 = {
						CreatedOnToolsVersion = 9.4.1;
					};
				};
			};
			buildConfigurationList = 0904F1F9211DD79A00A7B8B0 /* Build configuration list for PBXProject "ListOfEmployees" */;
			compatibilityVersion = "Xcode 9.3";
			developmentRegion = en;
			hasScannedForEncodings = 0;
			knownRegions = (
				en,
				Base,
			);
			mainGroup = 0904F1F5211DD79A00A7B8B0;
			productRefGroup = 0904F1FF211DD79A00A7B8B0 /* Products */;
			projectDirPath = "";
			projectRoot = "";
			targets = (
				0904F1FD211DD79A00A7B8B0 /* ListOfEmployees */,
			);
		};
/* End PBXProject section */

/* Begin PBXResourcesBuildPhase section */
		0904F1FC211DD79A00A7B8B0 /* Resources */ = {
			isa = PBXResourcesBuildPhase;
			buildActionMask = 2147483647;
			files = (
				0904F20C211DD79B00A7B8B0 /* LaunchScreen.storyboard in Resources */,
				0904F209211DD79B00A7B8B0 /* Assets.xcassets in Resources */,
			);
			runOnlyForDeploymentPostprocessing = 0;
		};
/* End PBXResourcesBuildPhase section */

/* Begin PBXSourcesBuildPhase section */
		0904F1FA211DD79A00A7B8B0 /* Sources */ = {
			isa = PBXSourcesBuildPhase;
			buildActionMask = 2147483647;
			files = (
				095CCBF421220ECC00006A94 /* PlaceholderView.swift in Sources */,
				0904F247211E3A2100A7B8B0 /* PersistentCacheStorage.swift in Sources */,
				0904F219211DF05A00A7B8B0 /* ApplicationModel.swift in Sources */,
				0904F21F211DF1E900A7B8B0 /* RemoteDataFether.swift in Sources */,
				093F7F9A211F86FC0047F267 /* EmployeeTableViewCell.swift in Sources */,
				09C5ECE82120736900BB4FF5 /* EmployeesTableHeaderView.swift in Sources */,
				0904F202211DD79A00A7B8B0 /* AppDelegate.swift in Sources */,
				0904F24B211ECE7D00A7B8B0 /* Errors.swift in Sources */,
				0904F221211DF20700A7B8B0 /* Employee.swift in Sources */,
				0904F24D211F184900A7B8B0 /* EmployeesTableViewController.swift in Sources */,
				09409167212060CD007865A8 /* ContactCardViewController.swift in Sources */,
				0904F21D211DF0EB00A7B8B0 /* DataMapper.swift in Sources */,
				0904F249211ECD7600A7B8B0 /* Extentions.swift in Sources */,
			);
			runOnlyForDeploymentPostprocessing = 0;
		};
/* End PBXSourcesBuildPhase section */

/* Begin PBXVariantGroup section */
		0904F20A211DD79B00A7B8B0 /* LaunchScreen.storyboard */ = {
			isa = PBXVariantGroup;
			children = (
				0904F20B211DD79B00A7B8B0 /* Base */,
			);
			name = LaunchScreen.storyboard;
			sourceTree = "<group>";
		};
/* End PBXVariantGroup section */

/* Begin XCBuildConfiguration section */
		0904F20E211DD79B00A7B8B0 /* Debug */ = {
			isa = XCBuildConfiguration;
			buildSettings = {
				ALWAYS_SEARCH_USER_PATHS = NO;
				CLANG_ANALYZER_NONNULL = YES;
				CLANG_ANALYZER_NUMBER_OBJECT_CONVERSION = YES_AGGRESSIVE;
				CLANG_CXX_LANGUAGE_STANDARD = "gnu++14";
				CLANG_CXX_LIBRARY = "libc++";
				CLANG_ENABLE_MODULES = YES;
				CLANG_ENABLE_OBJC_ARC = YES;
				CLANG_ENABLE_OBJC_WEAK = YES;
				CLANG_WARN_BLOCK_CAPTURE_AUTORELEASING = YES;
				CLANG_WARN_BOOL_CONVERSION = YES;
				CLANG_WARN_COMMA = YES;
				CLANG_WARN_CONSTANT_CONVERSION = YES;
				CLANG_WARN_DEPRECATED_OBJC_IMPLEMENTATIONS = YES;
				CLANG_WARN_DIRECT_OBJC_ISA_USAGE = YES_ERROR;
				CLANG_WARN_DOCUMENTATION_COMMENTS = YES;
				CLANG_WARN_EMPTY_BODY = YES;
				CLANG_WARN_ENUM_CONVERSION = YES;
				CLANG_WARN_INFINITE_RECURSION = YES;
				CLANG_WARN_INT_CONVERSION = YES;
				CLANG_WARN_NON_LITERAL_NULL_CONVERSION = YES;
				CLANG_WARN_OBJC_IMPLICIT_RETAIN_SELF = YES;
				CLANG_WARN_OBJC_LITERAL_CONVERSION = YES;
				CLANG_WARN_OBJC_ROOT_CLASS = YES_ERROR;
				CLANG_WARN_RANGE_LOOP_ANALYSIS = YES;
				CLANG_WARN_STRICT_PROTOTYPES = YES;
				CLANG_WARN_SUSPICIOUS_MOVE = YES;
				CLANG_WARN_UNGUARDED_AVAILABILITY = YES_AGGRESSIVE;
				CLANG_WARN_UNREACHABLE_CODE = YES;
				CLANG_WARN__DUPLICATE_METHOD_MATCH = YES;
				CODE_SIGN_IDENTITY = "iPhone Developer";
				COPY_PHASE_STRIP = NO;
				DEBUG_INFORMATION_FORMAT = dwarf;
				ENABLE_STRICT_OBJC_MSGSEND = YES;
				ENABLE_TESTABILITY = YES;
				GCC_C_LANGUAGE_STANDARD = gnu11;
				GCC_DYNAMIC_NO_PIC = NO;
				GCC_NO_COMMON_BLOCKS = YES;
				GCC_OPTIMIZATION_LEVEL = 0;
				GCC_PREPROCESSOR_DEFINITIONS = (
					"DEBUG=1",
					"$(inherited)",
				);
				GCC_WARN_64_TO_32_BIT_CONVERSION = YES;
				GCC_WARN_ABOUT_RETURN_TYPE = YES_ERROR;
				GCC_WARN_UNDECLARED_SELECTOR = YES;
				GCC_WARN_UNINITIALIZED_AUTOS = YES_AGGRESSIVE;
				GCC_WARN_UNUSED_FUNCTION = YES;
				GCC_WARN_UNUSED_VARIABLE = YES;
				IPHONEOS_DEPLOYMENT_TARGET = 11.4;
				MTL_ENABLE_DEBUG_INFO = YES;
				ONLY_ACTIVE_ARCH = YES;
				SDKROOT = iphoneos;
				SWIFT_ACTIVE_COMPILATION_CONDITIONS = DEBUG;
				SWIFT_OPTIMIZATION_LEVEL = "-Onone";
			};
			name = Debug;
		};
		0904F20F211DD79B00A7B8B0 /* Release */ = {
			isa = XCBuildConfiguration;
			buildSettings = {
				ALWAYS_SEARCH_USER_PATHS = NO;
				CLANG_ANALYZER_NONNULL = YES;
				CLANG_ANALYZER_NUMBER_OBJECT_CONVERSION = YES_AGGRESSIVE;
				CLANG_CXX_LANGUAGE_STANDARD = "gnu++14";
				CLANG_CXX_LIBRARY = "libc++";
				CLANG_ENABLE_MODULES = YES;
				CLANG_ENABLE_OBJC_ARC = YES;
				CLANG_ENABLE_OBJC_WEAK = YES;
				CLANG_WARN_BLOCK_CAPTURE_AUTORELEASING = YES;
				CLANG_WARN_BOOL_CONVERSION = YES;
				CLANG_WARN_COMMA = YES;
				CLANG_WARN_CONSTANT_CONVERSION = YES;
				CLANG_WARN_DEPRECATED_OBJC_IMPLEMENTATIONS = YES;
				CLANG_WARN_DIRECT_OBJC_ISA_USAGE = YES_ERROR;
				CLANG_WARN_DOCUMENTATION_COMMENTS = YES;
				CLANG_WARN_EMPTY_BODY = YES;
				CLANG_WARN_ENUM_CONVERSION = YES;
				CLANG_WARN_INFINITE_RECURSION = YES;
				CLANG_WARN_INT_CONVERSION = YES;
				CLANG_WARN_NON_LITERAL_NULL_CONVERSION = YES;
				CLANG_WARN_OBJC_IMPLICIT_RETAIN_SELF = YES;
				CLANG_WARN_OBJC_LITERAL_CONVERSION = YES;
				CLANG_WARN_OBJC_ROOT_CLASS = YES_ERROR;
				CLANG_WARN_RANGE_LOOP_ANALYSIS = YES;
				CLANG_WARN_STRICT_PROTOTYPES = YES;
				CLANG_WARN_SUSPICIOUS_MOVE = YES;
				CLANG_WARN_UNGUARDED_AVAILABILITY = YES_AGGRESSIVE;
				CLANG_WARN_UNREACHABLE_CODE = YES;
				CLANG_WARN__DUPLICATE_METHOD_MATCH = YES;
				CODE_SIGN_IDENTITY = "iPhone Developer";
				COPY_PHASE_STRIP = NO;
				DEBUG_INFORMATION_FORMAT = "dwarf-with-dsym";
				ENABLE_NS_ASSERTIONS = NO;
				ENABLE_STRICT_OBJC_MSGSEND = YES;
				GCC_C_LANGUAGE_STANDARD = gnu11;
				GCC_NO_COMMON_BLOCKS = YES;
				GCC_WARN_64_TO_32_BIT_CONVERSION = YES;
				GCC_WARN_ABOUT_RETURN_TYPE = YES_ERROR;
				GCC_WARN_UNDECLARED_SELECTOR = YES;
				GCC_WARN_UNINITIALIZED_AUTOS = YES_AGGRESSIVE;
				GCC_WARN_UNUSED_FUNCTION = YES;
				GCC_WARN_UNUSED_VARIABLE = YES;
				IPHONEOS_DEPLOYMENT_TARGET = 11.4;
				MTL_ENABLE_DEBUG_INFO = NO;
				SDKROOT = iphoneos;
				SWIFT_COMPILATION_MODE = wholemodule;
				SWIFT_OPTIMIZATION_LEVEL = "-O";
				VALIDATE_PRODUCT = YES;
			};
			name = Release;
		};
		0904F211211DD79B00A7B8B0 /* Debug */ = {
			isa = XCBuildConfiguration;
			buildSettings = {
				ASSETCATALOG_COMPILER_APPICON_NAME = AppIcon;
				CODE_SIGN_STYLE = Automatic;
				DEVELOPMENT_TEAM = NFA8F38A32;
				INFOPLIST_FILE = "ListOfEmployees/Supporting Files/Info.plist";
				LD_RUNPATH_SEARCH_PATHS = (
					"$(inherited)",
					"@executable_path/Frameworks",
				);
				PRODUCT_BUNDLE_IDENTIFIER = com.shiaulis.ListOfEmployees;
				PRODUCT_NAME = "$(TARGET_NAME)";
				SWIFT_VERSION = 4.0;
				TARGETED_DEVICE_FAMILY = 1;
			};
			name = Debug;
		};
		0904F212211DD79B00A7B8B0 /* Release */ = {
			isa = XCBuildConfiguration;
			buildSettings = {
				ASSETCATALOG_COMPILER_APPICON_NAME = AppIcon;
				CODE_SIGN_STYLE = Automatic;
				DEVELOPMENT_TEAM = NFA8F38A32;
				INFOPLIST_FILE = "ListOfEmployees/Supporting Files/Info.plist";
				LD_RUNPATH_SEARCH_PATHS = (
					"$(inherited)",
					"@executable_path/Frameworks",
				);
				PRODUCT_BUNDLE_IDENTIFIER = com.shiaulis.ListOfEmployees;
				PRODUCT_NAME = "$(TARGET_NAME)";
				SWIFT_VERSION = 4.0;
				TARGETED_DEVICE_FAMILY = 1;
			};
			name = Release;
		};
/* End XCBuildConfiguration section */

/* Begin XCConfigurationList section */
		0904F1F9211DD79A00A7B8B0 /* Build configuration list for PBXProject "ListOfEmployees" */ = {
			isa = XCConfigurationList;
			buildConfigurations = (
				0904F20E211DD79B00A7B8B0 /* Debug */,
				0904F20F211DD79B00A7B8B0 /* Release */,
			);
			defaultConfigurationIsVisible = 0;
			defaultConfigurationName = Release;
		};
		0904F210211DD79B00A7B8B0 /* Build configuration list for PBXNativeTarget "ListOfEmployees" */ = {
			isa = XCConfigurationList;
			buildConfigurations = (
				0904F211211DD79B00A7B8B0 /* Debug */,
				0904F212211DD79B00A7B8B0 /* Release */,
			);
			defaultConfigurationIsVisible = 0;
			defaultConfigurationName = Release;
		};
/* End XCConfigurationList section */
	};
	rootObject = 0904F1F6211DD79A00A7B8B0 /* Project object */;
}
